
Microsoft Visual Studio Solution File, Format Version 12.00
# Visual Studio Version 17
VisualStudioVersion = 17.14.36109.1
MinimumVisualStudioVersion = 10.0.40219.1
Project("{FAE04EC0-301F-11D3-BF4B-00C04F79EFBC}") = "DesafioBancoDigital.API", "Desafio_Banco_Digital\DesafioBancoDigital.API.csproj", "{23A3004D-292F-4766-8372-E9F5243268EB}"
EndProject
Project("{FAE04EC0-301F-11D3-BF4B-00C04F79EFBC}") = "DesafioBancoDigital.Application", "Application\DesafioBancoDigital.Application.csproj", "{DE756B37-F4CF-4F81-97DA-BFE08CE7E022}"
EndProject
Project("{FAE04EC0-301F-11D3-BF4B-00C04F79EFBC}") = "DesafioBancoDigital.Domain", "Domain\DesafioBancoDigital.Domain.csproj", "{F6BC75BC-9FAC-47C3-B9C2-4710BA4F9995}"
EndProject
Project("{FAE04EC0-301F-11D3-BF4B-00C04F79EFBC}") = "DesafioBancoDigital.Infrastructure", "Infrastructure\DesafioBancoDigital.Infrastructure.csproj", "{2E917790-F852-4AC3-A559-3C0A7F8EEDBB}"
EndProject
Project("{FAE04EC0-301F-11D3-BF4B-00C04F79EFBC}") = "DesafioBancoDigital.Test", "DesafioBancoDigital.Test\DesafioBancoDigital.Test.csproj", "{42342970-AE6D-4E53-B6A0-65F2B060A0B7}"
EndProject
Global
	GlobalSection(SolutionConfigurationPlatforms) = preSolution
		Debug|Any CPU = Debug|Any CPU
		Release|Any CPU = Release|Any CPU
	EndGlobalSection
	GlobalSection(ProjectConfigurationPlatforms) = postSolution
		{23A3004D-292F-4766-8372-E9F5243268EB}.Debug|Any CPU.ActiveCfg = Debug|Any CPU
		{23A3004D-292F-4766-8372-E9F5243268EB}.Debug|Any CPU.Build.0 = Debug|Any CPU
		{23A3004D-292F-4766-8372-E9F5243268EB}.Release|Any CPU.ActiveCfg = Release|Any CPU
		{23A3004D-292F-4766-8372-E9F5243268EB}.Release|Any CPU.Build.0 = Release|Any CPU
		{DE756B37-F4CF-4F81-97DA-BFE08CE7E022}.Debug|Any CPU.ActiveCfg = Debug|Any CPU
		{DE756B37-F4CF-4F81-97DA-BFE08CE7E022}.Debug|Any CPU.Build.0 = Debug|Any CPU
		{DE756B37-F4CF-4F81-97DA-BFE08CE7E022}.Release|Any CPU.ActiveCfg = Release|Any CPU
		{DE756B37-F4CF-4F81-97DA-BFE08CE7E022}.Release|Any CPU.Build.0 = Release|Any CPU
		{F6BC75BC-9FAC-47C3-B9C2-4710BA4F9995}.Debug|Any CPU.ActiveCfg = Debug|Any CPU
		{F6BC75BC-9FAC-47C3-B9C2-4710BA4F9995}.Debug|Any CPU.Build.0 = Debug|Any CPU
		{F6BC75BC-9FAC-47C3-B9C2-4710BA4F9995}.Release|Any CPU.ActiveCfg = Release|Any CPU
		{F6BC75BC-9FAC-47C3-B9C2-4710BA4F9995}.Release|Any CPU.Build.0 = Release|Any CPU
		{2E917790-F852-4AC3-A559-3C0A7F8EEDBB}.Debug|Any CPU.ActiveCfg = Debug|Any CPU
		{2E917790-F852-4AC3-A559-3C0A7F8EEDBB}.Debug|Any CPU.Build.0 = Debug|Any CPU
		{2E917790-F852-4AC3-A559-3C0A7F8EEDBB}.Release|Any CPU.ActiveCfg = Release|Any CPU
		{2E917790-F852-4AC3-A559-3C0A7F8EEDBB}.Release|Any CPU.Build.0 = Release|Any CPU
		{42342970-AE6D-4E53-B6A0-65F2B060A0B7}.Debug|Any CPU.ActiveCfg = Debug|Any CPU
		{42342970-AE6D-4E53-B6A0-65F2B060A0B7}.Debug|Any CPU.Build.0 = Debug|Any CPU
		{42342970-AE6D-4E53-B6A0-65F2B060A0B7}.Release|Any CPU.ActiveCfg = Release|Any CPU
		{42342970-AE6D-4E53-B6A0-65F2B060A0B7}.Release|Any CPU.Build.0 = Release|Any CPU
	EndGlobalSection
	GlobalSection(SolutionProperties) = preSolution
		HideSolutionNode = FALSE
	EndGlobalSection
	GlobalSection(ExtensibilityGlobals) = postSolution
		SolutionGuid = {C64CABCD-0840-44A4-980C-222807829987}
	EndGlobalSection
EndGlobal
